
Microsoft Visual Studio Solution File, Format Version 12.00
# Visual Studio 15
VisualStudioVersion = 15.0.27004.2009
MinimumVisualStudioVersion = 10.0.40219.1
Project("{9A19103F-16F7-4668-BE54-9A1E7A4F7556}") = "BoundedContext", "BoundedContext\BoundedContext.csproj", "{106C9A94-CD67-465B-8C9C-E4A58C2DF6FE}"
EndProject
Project("{2150E333-8FDC-42A3-9474-1A3956D46DE8}") = "BC.Artist", "BC.Artist", "{DC986C53-0560-4A04-B851-9A99A4B21FCF}"
EndProject
Project("{2150E333-8FDC-42A3-9474-1A3956D46DE8}") = "Data", "Data", "{8FAF6693-8A82-4F1C-B61B-39985C13F477}"
EndProject
Project("{9A19103F-16F7-4668-BE54-9A1E7A4F7556}") = "Artist.Data", "Artist.Data\Artist.Data.csproj", "{7B57A72F-6497-48E1-B506-E6B22227F1BB}"
EndProject
Project("{2150E333-8FDC-42A3-9474-1A3956D46DE8}") = "Domain", "Domain", "{85351960-2561-494E-9A8A-4D651580E78E}"
EndProject
Project("{9A19103F-16F7-4668-BE54-9A1E7A4F7556}") = "Artist.Domain", "Artist.Domain\Artist.Domain.csproj", "{76FCD6BC-64DA-4107-BEC1-90FD465D4197}"
EndProject
Project("{2150E333-8FDC-42A3-9474-1A3956D46DE8}") = "BC.User", "BC.User", "{45F19348-27B6-49B9-9C21-CC980177AB77}"
EndProject
Project("{2150E333-8FDC-42A3-9474-1A3956D46DE8}") = "Data", "Data", "{E919F687-0F11-48B2-9553-8E4C76F2E61B}"
EndProject
Project("{2150E333-8FDC-42A3-9474-1A3956D46DE8}") = "Domain", "Domain", "{3BB86FA9-1607-4443-9ADD-4D3FA6795A0C}"
EndProject
Project("{9A19103F-16F7-4668-BE54-9A1E7A4F7556}") = "User.Data", "User.Data\User.Data.csproj", "{B609A97A-C8AC-4D42-84F0-C4E58E032E6D}"
EndProject
Project("{9A19103F-16F7-4668-BE54-9A1E7A4F7556}") = "User.Domain", "User.Domain\User.Domain.csproj", "{C6E0E4ED-F41F-49F0-AD43-A3202F071A51}"
EndProject
Project("{2150E333-8FDC-42A3-9474-1A3956D46DE8}") = "Service", "Service", "{AD94CCAC-B0C6-4762-8CD3-D9E24A8CAC1B}"
EndProject
Project("{9A19103F-16F7-4668-BE54-9A1E7A4F7556}") = "Artist.Service", "Artist.Service\Artist.Service.csproj", "{CBAFC47E-07AA-4151-9F10-57ED823A6207}"
EndProject
Project("{2150E333-8FDC-42A3-9474-1A3956D46DE8}") = "SharedKernel", "SharedKernel", "{0F1808C5-AF07-408D-88D5-4231815FE409}"
EndProject
Project("{9A19103F-16F7-4668-BE54-9A1E7A4F7556}") = "BC.Sharedkernel", "BC.Sharedkernel\BC.Sharedkernel.csproj", "{3ED96964-D7B8-4E8E-902F-E63C6656A9E5}"
EndProject
Project("{2150E333-8FDC-42A3-9474-1A3956D46DE8}") = "Tests", "Tests", "{443DD533-49B1-4935-AC94-F4D924129A38}"
EndProject
Project("{9A19103F-16F7-4668-BE54-9A1E7A4F7556}") = "Artist.Tests", "Artist.Tests\Artist.Tests.csproj", "{F5A30BE7-C121-45DB-83E4-FD89621F2217}"
EndProject
Project("{2150E333-8FDC-42A3-9474-1A3956D46DE8}") = "BC.Migrations", "BC.Migrations", "{40005BBC-1F22-4BEA-A896-E89C27A8CC2B}"
EndProject
Project("{2150E333-8FDC-42A3-9474-1A3956D46DE8}") = "mysql", "mysql", "{35649A56-B314-4E2C-8880-4BB56B8B76A6}"
EndProject
Project("{2150E333-8FDC-42A3-9474-1A3956D46DE8}") = "sqlserver", "sqlserver", "{C77ACD1F-EC58-459B-850D-4EA5CE6C9D33}"
EndProject
Project("{FAE04EC0-301F-11D3-BF4B-00C04F79EFBC}") = "SqlServerMigrations", "SqlServerMigrations\SqlServerMigrations.csproj", "{3A8C6627-2141-49C7-9329-A8C163AD6885}"
EndProject
Project("{FAE04EC0-301F-11D3-BF4B-00C04F79EFBC}") = "MySqlMigrations", "MySqlMigrations\MySqlMigrations.csproj", "{6E5A9D72-C728-413B-B592-0BD05B7DC9FB}"
EndProject
Global
	GlobalSection(SolutionConfigurationPlatforms) = preSolution
		Debug|Any CPU = Debug|Any CPU
		Release|Any CPU = Release|Any CPU
	EndGlobalSection
	GlobalSection(ProjectConfigurationPlatforms) = postSolution
		{106C9A94-CD67-465B-8C9C-E4A58C2DF6FE}.Debug|Any CPU.ActiveCfg = Debug|Any CPU
		{106C9A94-CD67-465B-8C9C-E4A58C2DF6FE}.Debug|Any CPU.Build.0 = Debug|Any CPU
		{106C9A94-CD67-465B-8C9C-E4A58C2DF6FE}.Release|Any CPU.ActiveCfg = Release|Any CPU
		{106C9A94-CD67-465B-8C9C-E4A58C2DF6FE}.Release|Any CPU.Build.0 = Release|Any CPU
		{7B57A72F-6497-48E1-B506-E6B22227F1BB}.Debug|Any CPU.ActiveCfg = Debug|Any CPU
		{7B57A72F-6497-48E1-B506-E6B22227F1BB}.Debug|Any CPU.Build.0 = Debug|Any CPU
		{7B57A72F-6497-48E1-B506-E6B22227F1BB}.Release|Any CPU.ActiveCfg = Release|Any CPU
		{7B57A72F-6497-48E1-B506-E6B22227F1BB}.Release|Any CPU.Build.0 = Release|Any CPU
		{76FCD6BC-64DA-4107-BEC1-90FD465D4197}.Debug|Any CPU.ActiveCfg = Debug|Any CPU
		{76FCD6BC-64DA-4107-BEC1-90FD465D4197}.Debug|Any CPU.Build.0 = Debug|Any CPU
		{76FCD6BC-64DA-4107-BEC1-90FD465D4197}.Release|Any CPU.ActiveCfg = Release|Any CPU
		{76FCD6BC-64DA-4107-BEC1-90FD465D4197}.Release|Any CPU.Build.0 = Release|Any CPU
		{B609A97A-C8AC-4D42-84F0-C4E58E032E6D}.Debug|Any CPU.ActiveCfg = Debug|Any CPU
		{B609A97A-C8AC-4D42-84F0-C4E58E032E6D}.Debug|Any CPU.Build.0 = Debug|Any CPU
		{B609A97A-C8AC-4D42-84F0-C4E58E032E6D}.Release|Any CPU.ActiveCfg = Release|Any CPU
		{B609A97A-C8AC-4D42-84F0-C4E58E032E6D}.Release|Any CPU.Build.0 = Release|Any CPU
		{C6E0E4ED-F41F-49F0-AD43-A3202F071A51}.Debug|Any CPU.ActiveCfg = Debug|Any CPU
		{C6E0E4ED-F41F-49F0-AD43-A3202F071A51}.Debug|Any CPU.Build.0 = Debug|Any CPU
		{C6E0E4ED-F41F-49F0-AD43-A3202F071A51}.Release|Any CPU.ActiveCfg = Release|Any CPU
		{C6E0E4ED-F41F-49F0-AD43-A3202F071A51}.Release|Any CPU.Build.0 = Release|Any CPU
		{CBAFC47E-07AA-4151-9F10-57ED823A6207}.Debug|Any CPU.ActiveCfg = Debug|Any CPU
		{CBAFC47E-07AA-4151-9F10-57ED823A6207}.Debug|Any CPU.Build.0 = Debug|Any CPU
		{CBAFC47E-07AA-4151-9F10-57ED823A6207}.Release|Any CPU.ActiveCfg = Release|Any CPU
		{CBAFC47E-07AA-4151-9F10-57ED823A6207}.Release|Any CPU.Build.0 = Release|Any CPU
		{3ED96964-D7B8-4E8E-902F-E63C6656A9E5}.Debug|Any CPU.ActiveCfg = Debug|Any CPU
		{3ED96964-D7B8-4E8E-902F-E63C6656A9E5}.Debug|Any CPU.Build.0 = Debug|Any CPU
		{3ED96964-D7B8-4E8E-902F-E63C6656A9E5}.Release|Any CPU.ActiveCfg = Release|Any CPU
		{3ED96964-D7B8-4E8E-902F-E63C6656A9E5}.Release|Any CPU.Build.0 = Release|Any CPU
		{F5A30BE7-C121-45DB-83E4-FD89621F2217}.Debug|Any CPU.ActiveCfg = Debug|Any CPU
		{F5A30BE7-C121-45DB-83E4-FD89621F2217}.Debug|Any CPU.Build.0 = Debug|Any CPU
		{F5A30BE7-C121-45DB-83E4-FD89621F2217}.Release|Any CPU.ActiveCfg = Release|Any CPU
		{F5A30BE7-C121-45DB-83E4-FD89621F2217}.Release|Any CPU.Build.0 = Release|Any CPU
		{3A8C6627-2141-49C7-9329-A8C163AD6885}.Debug|Any CPU.ActiveCfg = Debug|Any CPU
		{3A8C6627-2141-49C7-9329-A8C163AD6885}.Debug|Any CPU.Build.0 = Debug|Any CPU
		{3A8C6627-2141-49C7-9329-A8C163AD6885}.Release|Any CPU.ActiveCfg = Release|Any CPU
		{3A8C6627-2141-49C7-9329-A8C163AD6885}.Release|Any CPU.Build.0 = Release|Any CPU
		{6E5A9D72-C728-413B-B592-0BD05B7DC9FB}.Debug|Any CPU.ActiveCfg = Debug|Any CPU
		{6E5A9D72-C728-413B-B592-0BD05B7DC9FB}.Debug|Any CPU.Build.0 = Debug|Any CPU
		{6E5A9D72-C728-413B-B592-0BD05B7DC9FB}.Release|Any CPU.ActiveCfg = Release|Any CPU
		{6E5A9D72-C728-413B-B592-0BD05B7DC9FB}.Release|Any CPU.Build.0 = Release|Any CPU
	EndGlobalSection
	GlobalSection(SolutionProperties) = preSolution
		HideSolutionNode = FALSE
	EndGlobalSection
	GlobalSection(NestedProjects) = preSolution
		{8FAF6693-8A82-4F1C-B61B-39985C13F477} = {DC986C53-0560-4A04-B851-9A99A4B21FCF}
		{7B57A72F-6497-48E1-B506-E6B22227F1BB} = {8FAF6693-8A82-4F1C-B61B-39985C13F477}
		{85351960-2561-494E-9A8A-4D651580E78E} = {DC986C53-0560-4A04-B851-9A99A4B21FCF}
		{76FCD6BC-64DA-4107-BEC1-90FD465D4197} = {85351960-2561-494E-9A8A-4D651580E78E}
		{E919F687-0F11-48B2-9553-8E4C76F2E61B} = {45F19348-27B6-49B9-9C21-CC980177AB77}
		{3BB86FA9-1607-4443-9ADD-4D3FA6795A0C} = {45F19348-27B6-49B9-9C21-CC980177AB77}
		{B609A97A-C8AC-4D42-84F0-C4E58E032E6D} = {E919F687-0F11-48B2-9553-8E4C76F2E61B}
		{C6E0E4ED-F41F-49F0-AD43-A3202F071A51} = {3BB86FA9-1607-4443-9ADD-4D3FA6795A0C}
		{AD94CCAC-B0C6-4762-8CD3-D9E24A8CAC1B} = {DC986C53-0560-4A04-B851-9A99A4B21FCF}
		{CBAFC47E-07AA-4151-9F10-57ED823A6207} = {AD94CCAC-B0C6-4762-8CD3-D9E24A8CAC1B}
		{3ED96964-D7B8-4E8E-902F-E63C6656A9E5} = {0F1808C5-AF07-408D-88D5-4231815FE409}
		{443DD533-49B1-4935-AC94-F4D924129A38} = {DC986C53-0560-4A04-B851-9A99A4B21FCF}
		{F5A30BE7-C121-45DB-83E4-FD89621F2217} = {443DD533-49B1-4935-AC94-F4D924129A38}
		{35649A56-B314-4E2C-8880-4BB56B8B76A6} = {40005BBC-1F22-4BEA-A896-E89C27A8CC2B}
		{C77ACD1F-EC58-459B-850D-4EA5CE6C9D33} = {40005BBC-1F22-4BEA-A896-E89C27A8CC2B}
		{3A8C6627-2141-49C7-9329-A8C163AD6885} = {C77ACD1F-EC58-459B-850D-4EA5CE6C9D33}
		{6E5A9D72-C728-413B-B592-0BD05B7DC9FB} = {35649A56-B314-4E2C-8880-4BB56B8B76A6}
	EndGlobalSection
	GlobalSection(ExtensibilityGlobals) = postSolution
		SolutionGuid = {52384F07-FB48-4A34-B03F-D74B6E1CE1E9}
	EndGlobalSection
EndGlobal
