
Microsoft Visual Studio Solution File, Format Version 12.00
# Visual Studio 15
VisualStudioVersion = 15.0.27004.2005
MinimumVisualStudioVersion = 10.0.40219.1
Project("{9A19103F-16F7-4668-BE54-9A1E7A4F7556}") = "BoundedContext", "BoundedContext\BoundedContext.csproj", "{106C9A94-CD67-465B-8C9C-E4A58C2DF6FE}"
EndProject
Project("{2150E333-8FDC-42A3-9474-1A3956D46DE8}") = "BC.Artist", "BC.Artist", "{DC986C53-0560-4A04-B851-9A99A4B21FCF}"
EndProject
Project("{2150E333-8FDC-42A3-9474-1A3956D46DE8}") = "Data", "Data", "{8FAF6693-8A82-4F1C-B61B-39985C13F477}"
EndProject
Project("{FAE04EC0-301F-11D3-BF4B-00C04F79EFBC}") = "Artist.Data", "Artist.Data\Artist.Data.csproj", "{7B57A72F-6497-48E1-B506-E6B22227F1BB}"
EndProject
Project("{2150E333-8FDC-42A3-9474-1A3956D46DE8}") = "Domain", "Domain", "{85351960-2561-494E-9A8A-4D651580E78E}"
EndProject
Project("{FAE04EC0-301F-11D3-BF4B-00C04F79EFBC}") = "Artist.Domain", "Artist.Domain\Artist.Domain.csproj", "{76FCD6BC-64DA-4107-BEC1-90FD465D4197}"
EndProject
Global
	GlobalSection(SolutionConfigurationPlatforms) = preSolution
		Debug|Any CPU = Debug|Any CPU
		Release|Any CPU = Release|Any CPU
	EndGlobalSection
	GlobalSection(ProjectConfigurationPlatforms) = postSolution
		{106C9A94-CD67-465B-8C9C-E4A58C2DF6FE}.Debug|Any CPU.ActiveCfg = Debug|Any CPU
		{106C9A94-CD67-465B-8C9C-E4A58C2DF6FE}.Debug|Any CPU.Build.0 = Debug|Any CPU
		{106C9A94-CD67-465B-8C9C-E4A58C2DF6FE}.Release|Any CPU.ActiveCfg = Release|Any CPU
		{106C9A94-CD67-465B-8C9C-E4A58C2DF6FE}.Release|Any CPU.Build.0 = Release|Any CPU
		{7B57A72F-6497-48E1-B506-E6B22227F1BB}.Debug|Any CPU.ActiveCfg = Debug|Any CPU
		{7B57A72F-6497-48E1-B506-E6B22227F1BB}.Debug|Any CPU.Build.0 = Debug|Any CPU
		{7B57A72F-6497-48E1-B506-E6B22227F1BB}.Release|Any CPU.ActiveCfg = Release|Any CPU
		{7B57A72F-6497-48E1-B506-E6B22227F1BB}.Release|Any CPU.Build.0 = Release|Any CPU
		{76FCD6BC-64DA-4107-BEC1-90FD465D4197}.Debug|Any CPU.ActiveCfg = Debug|Any CPU
		{76FCD6BC-64DA-4107-BEC1-90FD465D4197}.Debug|Any CPU.Build.0 = Debug|Any CPU
		{76FCD6BC-64DA-4107-BEC1-90FD465D4197}.Release|Any CPU.ActiveCfg = Release|Any CPU
		{76FCD6BC-64DA-4107-BEC1-90FD465D4197}.Release|Any CPU.Build.0 = Release|Any CPU
	EndGlobalSection
	GlobalSection(SolutionProperties) = preSolution
		HideSolutionNode = FALSE
	EndGlobalSection
	GlobalSection(NestedProjects) = preSolution
		{8FAF6693-8A82-4F1C-B61B-39985C13F477} = {DC986C53-0560-4A04-B851-9A99A4B21FCF}
		{7B57A72F-6497-48E1-B506-E6B22227F1BB} = {8FAF6693-8A82-4F1C-B61B-39985C13F477}
		{85351960-2561-494E-9A8A-4D651580E78E} = {DC986C53-0560-4A04-B851-9A99A4B21FCF}
		{76FCD6BC-64DA-4107-BEC1-90FD465D4197} = {85351960-2561-494E-9A8A-4D651580E78E}
	EndGlobalSection
	GlobalSection(ExtensibilityGlobals) = postSolution
		SolutionGuid = {52384F07-FB48-4A34-B03F-D74B6E1CE1E9}
	EndGlobalSection
EndGlobal
